
Microsoft Visual Studio Solution File, Format Version 12.00
# Visual Studio 14
VisualStudioVersion = 14.0.25123.0
MinimumVisualStudioVersion = 10.0.40219.1
Project("{2150E333-8FDC-42A3-9474-1A3956D46DE8}") = "src", "src", "{6C3CEAEA-8CA2-448A-865E-9FBFD301AB7A}"
EndProject
Project("{2150E333-8FDC-42A3-9474-1A3956D46DE8}") = "Solution Items", "Solution Items", "{E370FAF6-9FE8-4B9C-ADF1-97DC4A52F8CF}"
	ProjectSection(SolutionItems) = preProject
		global.json = global.json
	EndProjectSection
EndProject
Project("{8BB2217D-0F2D-49D1-97BC-3654ED321F3B}") = "Blackjack", "src\Blackjack\Blackjack.xproj", "{933ADCC0-AC3C-4317-8BBA-EA8846FF4285}"
EndProject
Global
	GlobalSection(SolutionConfigurationPlatforms) = preSolution
		Debug|Any CPU = Debug|Any CPU
		Release|Any CPU = Release|Any CPU
	EndGlobalSection
	GlobalSection(ProjectConfigurationPlatforms) = postSolution
		{933ADCC0-AC3C-4317-8BBA-EA8846FF4285}.Debug|Any CPU.ActiveCfg = Debug|Any CPU
		{933ADCC0-AC3C-4317-8BBA-EA8846FF4285}.Debug|Any CPU.Build.0 = Debug|Any CPU
		{933ADCC0-AC3C-4317-8BBA-EA8846FF4285}.Release|Any CPU.ActiveCfg = Release|Any CPU
		{933ADCC0-AC3C-4317-8BBA-EA8846FF4285}.Release|Any CPU.Build.0 = Release|Any CPU
	EndGlobalSection
	GlobalSection(SolutionProperties) = preSolution
		HideSolutionNode = FALSE
	EndGlobalSection
	GlobalSection(NestedProjects) = preSolution
		{933ADCC0-AC3C-4317-8BBA-EA8846FF4285} = {6C3CEAEA-8CA2-448A-865E-9FBFD301AB7A}
	EndGlobalSection
EndGlobal
